{
  "version": "3",
  "packages": {
    "specifiers": {
      "npm:node-ssh": "npm:node-ssh@13.1.0",
      "npm:websocket": "npm:websocket@1.0.34",
      "npm:ws": "npm:ws@8.16.0"
    },
    "npm": {
      "@types/node@18.19.15": {
        "integrity": "sha512-AMZ2UWx+woHNfM11PyAEQmfSxi05jm9OlkxczuHeEqmvwPkYj6MWv44gbzDPefYOLysTOFyI3ziiy2ONmUZfpA==",
        "dependencies": {
          "undici-types": "undici-types@5.26.5"
        }
      },
      "@types/ssh2@1.11.19": {
        "integrity": "sha512-ydbQAqEcdNVy2t1w7dMh6eWMr+iOgtEkqM/3K9RMijMaok/ER7L8GW6PwsOypHCN++M+c8S/UR9SgMqNIFstbA==",
        "dependencies": {
          "@types/node": "@types/node@18.19.15"
        }
      },
      "asn1@0.2.6": {
        "integrity": "sha512-ix/FxPn0MDjeyJ7i/yoHGFt/EX6LyNbxSEhPPXODPL+KB0VPk86UYfL0lMdy+KCnv+fmvIzySwaK5COwqVbWTQ==",
        "dependencies": {
          "safer-buffer": "safer-buffer@2.1.2"
        }
      },
      "bcrypt-pbkdf@1.0.2": {
        "integrity": "sha512-qeFIXtP4MSoi6NLqO12WfqARWWuCKi2Rn/9hJLEmtB5yTNr9DqFWkJRCf2qShWzPeAMRnOgCrq0sg/KLv5ES9w==",
        "dependencies": {
          "tweetnacl": "tweetnacl@0.14.5"
        }
      },
      "bufferutil@4.0.8": {
        "integrity": "sha512-4T53u4PdgsXqKaIctwF8ifXlRTTmEPJ8iEPWFdGZvcf7sbwYo6FKFEX9eNNAnzFZ7EzJAQ3CJeOtCRA4rDp7Pw==",
        "dependencies": {
          "node-gyp-build": "node-gyp-build@4.6.1"
        }
      },
      "buildcheck@0.0.6": {
        "integrity": "sha512-8f9ZJCUXyT1M35Jx7MkBgmBMo3oHTTBIPLiY9xyL0pl3T5RwcPEY8cUHr5LBNfu/fk6c2T4DJZuVM/8ZZT2D2A==",
        "dependencies": {}
      },
      "cpu-features@0.0.9": {
        "integrity": "sha512-AKjgn2rP2yJyfbepsmLfiYcmtNn/2eUvocUyM/09yB0YDiz39HteK/5/T4Onf0pmdYDMgkBoGvRLvEguzyL7wQ==",
        "dependencies": {
          "buildcheck": "buildcheck@0.0.6",
          "nan": "nan@2.18.0"
        }
      },
      "d@1.0.1": {
        "integrity": "sha512-m62ShEObQ39CfralilEQRjH6oAMtNCV1xJyEx5LpRYUVN+EviphDgUc/F3hnYbADmkiNs67Y+3ylmlG7Lnu+FA==",
        "dependencies": {
          "es5-ext": "es5-ext@0.10.62",
          "type": "type@1.2.0"
        }
      },
      "debug@2.6.9": {
        "integrity": "sha512-bC7ElrdJaJnPbAP+1EotYvqZsb3ecl5wi6Bfi6BJTUcNowp6cvspg0jXznRTKDjm/E7AdgFBVeAPVMNcKGsHMA==",
        "dependencies": {
          "ms": "ms@2.0.0"
        }
      },
      "es5-ext@0.10.62": {
        "integrity": "sha512-BHLqn0klhEpnOKSrzn/Xsz2UIW8j+cGmo9JLzr8BiUapV8hPL9+FliFqjwr9ngW7jWdnxv6eO+/LqyhJVqgrjA==",
        "dependencies": {
          "es6-iterator": "es6-iterator@2.0.3",
          "es6-symbol": "es6-symbol@3.1.3",
          "next-tick": "next-tick@1.1.0"
        }
      },
      "es6-iterator@2.0.3": {
        "integrity": "sha512-zw4SRzoUkd+cl+ZoE15A9o1oQd920Bb0iOJMQkQhl3jNc03YqVjAhG7scf9C5KWRU/R13Orf588uCC6525o02g==",
        "dependencies": {
          "d": "d@1.0.1",
          "es5-ext": "es5-ext@0.10.62",
          "es6-symbol": "es6-symbol@3.1.3"
        }
      },
      "es6-symbol@3.1.3": {
        "integrity": "sha512-NJ6Yn3FuDinBaBRWl/q5X/s4koRHBrgKAu+yGI6JCBeiu3qrcbJhwT2GeR/EXVfylRk8dpQVJoLEFhK+Mu31NA==",
        "dependencies": {
          "d": "d@1.0.1",
          "ext": "ext@1.7.0"
        }
      },
      "ext@1.7.0": {
        "integrity": "sha512-6hxeJYaL110a9b5TEJSj0gojyHQAmA2ch5Os+ySCiA1QGdS697XWY1pzsrSjqA9LDEEgdB/KypIlR59RcLuHYw==",
        "dependencies": {
          "type": "type@2.7.2"
        }
      },
      "is-stream@2.0.1": {
        "integrity": "sha512-hFoiJiTl63nn+kstHGBtewWSKnQLpyb155KHheA1l39uvtO9nWIop1p3udqPcUd/xbF1VLMO4n7OI6p7RbngDg==",
        "dependencies": {}
      },
      "is-typedarray@1.0.0": {
        "integrity": "sha512-cyA56iCMHAh5CdzjJIa4aohJyeO1YbwLi3Jc35MmRU6poroFjIGZzUzupGiRPOjgHg9TLu43xbpwXk523fMxKA==",
        "dependencies": {}
      },
      "make-dir@3.1.0": {
        "integrity": "sha512-g3FeP20LNwhALb/6Cz6Dd4F2ngze0jz7tbzrD2wAV+o9FeNHe4rL+yK2md0J/fiSf1sa1ADhXqi5+oVwOM/eGw==",
        "dependencies": {
          "semver": "semver@6.3.1"
        }
      },
      "ms@2.0.0": {
        "integrity": "sha512-Tpp60P6IUJDTuOq/5Z8cdskzJujfwqfOTkrwIwj7IRISpnkJnT6SyJ4PCPnGMoFjC9ddhal5KVIYtAt97ix05A==",
        "dependencies": {}
      },
      "nan@2.18.0": {
        "integrity": "sha512-W7tfG7vMOGtD30sHoZSSc/JVYiyDPEyQVso/Zz+/uQd0B0L46gtC+pHha5FFMRpil6fm/AoEcRWyOVi4+E/f8w==",
        "dependencies": {}
      },
      "next-tick@1.1.0": {
        "integrity": "sha512-CXdUiJembsNjuToQvxayPZF9Vqht7hewsvy2sOWafLvi2awflj9mOC6bHIg50orX8IJvWKY9wYQ/zB2kogPslQ==",
        "dependencies": {}
      },
      "node-gyp-build@4.6.1": {
        "integrity": "sha512-24vnklJmyRS8ViBNI8KbtK/r/DmXQMRiOMXTNz2nrTnAYUwjmEEbnnpB/+kt+yWRv73bPsSPRFddrcIbAxSiMQ==",
        "dependencies": {}
      },
      "node-ssh@13.1.0": {
        "integrity": "sha512-GLcw49yFd9+rUpP+FgX6wrF/N90cmuDl2n0i8d3L828b6riRjkb9w3SS+XvviRWbrAhLxuMKywFqxvQDZQ1bug==",
        "dependencies": {
          "@types/ssh2": "@types/ssh2@1.11.19",
          "is-stream": "is-stream@2.0.1",
          "make-dir": "make-dir@3.1.0",
          "sb-promise-queue": "sb-promise-queue@2.1.0",
          "sb-scandir": "sb-scandir@3.1.0",
          "shell-escape": "shell-escape@0.2.0",
          "ssh2": "ssh2@1.15.0"
        }
      },
      "safer-buffer@2.1.2": {
        "integrity": "sha512-YZo3K82SD7Riyi0E1EQPojLz7kpepnSQI9IyPbHHg1XXXevb5dJI7tpyN2ADxGcQbHG7vcyRHk0cbwqcQriUtg==",
        "dependencies": {}
      },
      "sb-promise-queue@2.1.0": {
        "integrity": "sha512-zwq4YuP1FQFkGx2Q7GIkZYZ6PqWpV+bg0nIO1sJhWOyGyhqbj0MsTvK6lCFo5TQwX5pZr6SCQ75e8PCDCuNvkg==",
        "dependencies": {}
      },
      "sb-scandir@3.1.0": {
        "integrity": "sha512-70BVm2xz9jn94zSQdpvYrEG101/UV9TVGcfWr9T5iob3QhCK4lYXeculfBqPGFv3XTeKgx4dpWyYIDeZUqo4kg==",
        "dependencies": {
          "sb-promise-queue": "sb-promise-queue@2.1.0"
        }
      },
      "semver@6.3.1": {
        "integrity": "sha512-BR7VvDCVHO+q2xBEWskxS6DJE1qRnb7DxzUrogb71CWoSficBxYsiAGd+Kl0mmq/MprG9yArRkyrQxTO6XjMzA==",
        "dependencies": {}
      },
      "shell-escape@0.2.0": {
        "integrity": "sha512-uRRBT2MfEOyxuECseCZd28jC1AJ8hmqqneWQ4VWUTgCAFvb3wKU1jLqj6egC4Exrr88ogg3dp+zroH4wJuaXzw==",
        "dependencies": {}
      },
      "ssh2@1.15.0": {
        "integrity": "sha512-C0PHgX4h6lBxYx7hcXwu3QWdh4tg6tZZsTfXcdvc5caW/EMxaB4H9dWsl7qk+F7LAW762hp8VbXOX7x4xUYvEw==",
        "dependencies": {
          "asn1": "asn1@0.2.6",
          "bcrypt-pbkdf": "bcrypt-pbkdf@1.0.2",
          "cpu-features": "cpu-features@0.0.9",
          "nan": "nan@2.18.0"
        }
      },
      "tweetnacl@0.14.5": {
        "integrity": "sha512-KXXFFdAbFXY4geFIwoyNK+f5Z1b7swfXABfL7HXCmoIWMKU3dmS26672A4EeQtDzLKy7SXmfBu51JolvEKwtGA==",
        "dependencies": {}
      },
      "type@1.2.0": {
        "integrity": "sha512-+5nt5AAniqsCnu2cEQQdpzCAh33kVx8n0VoFidKpB1dVVLAN/F+bgVOqOJqOnEnrhp222clB5p3vUlD+1QAnfg==",
        "dependencies": {}
      },
      "type@2.7.2": {
        "integrity": "sha512-dzlvlNlt6AXU7EBSfpAscydQ7gXB+pPGsPnfJnZpiNJBDj7IaJzQlBZYGdEi4R9HmPdBv2XmWJ6YUtoTa7lmCw==",
        "dependencies": {}
      },
      "typedarray-to-buffer@3.1.5": {
        "integrity": "sha512-zdu8XMNEDepKKR+XYOXAVPtWui0ly0NtohUscw+UmaHiAWT8hrV1rr//H6V+0DvJ3OQ19S979M0laLfX8rm82Q==",
        "dependencies": {
          "is-typedarray": "is-typedarray@1.0.0"
        }
      },
      "undici-types@5.26.5": {
        "integrity": "sha512-JlCMO+ehdEIKqlFxk6IfVoAUVmgz7cU7zD/h9XZ0qzeosSHmUJVOzSQvvYSYWXkFXC+IfLKSIffhv0sVZup6pA==",
        "dependencies": {}
      },
      "utf-8-validate@5.0.10": {
        "integrity": "sha512-Z6czzLq4u8fPOyx7TU6X3dvUZVvoJmxSQ+IcrlmagKhilxlhZgxPK6C5Jqbkw1IDUmFTM+cz9QDnnLTwDz/2gQ==",
        "dependencies": {
          "node-gyp-build": "node-gyp-build@4.6.1"
        }
      },
      "websocket@1.0.34": {
        "integrity": "sha512-PRDso2sGwF6kM75QykIesBijKSVceR6jL2G8NGYyq2XrItNC2P5/qL5XeR056GhA+Ly7JMFvJb9I312mJfmqnQ==",
        "dependencies": {
          "bufferutil": "bufferutil@4.0.8",
          "debug": "debug@2.6.9",
          "es5-ext": "es5-ext@0.10.62",
          "typedarray-to-buffer": "typedarray-to-buffer@3.1.5",
          "utf-8-validate": "utf-8-validate@5.0.10",
          "yaeti": "yaeti@0.0.6"
        }
      },
      "ws@8.16.0": {
        "integrity": "sha512-HS0c//TP7Ina87TfiPUz1rQzMhHrl/SG2guqRcTOIUYD2q8uhUdNHZYJUaQ8aTGPzCh+c6oawMKW35nFl1dxyQ==",
        "dependencies": {}
      },
      "yaeti@0.0.6": {
        "integrity": "sha512-MvQa//+KcZCUkBTIC9blM+CU9J2GzuTytsOUwf2lidtvkx/6gnEp1QvJv34t9vdjhFmha/mUiNDbN0D0mJWdug==",
        "dependencies": {}
      }
    }
  },
  "remote": {
    "https://deno.land/std@0.79.0/fmt/colors.ts": "c5665c66f1a67228f21c5989bbb04b36d369b98dd7ceac06f5e26856c81c2531",
    "https://deno.land/std@0.79.0/testing/_diff.ts": "9656b2dbe0a76684e705375fd03bfe0108e9e00845ccb9e47abff52f156fe4e8",
    "https://deno.land/std@0.79.0/testing/asserts.ts": "a8d30ca52b1bf4f928c521e80b58d04ed3930b9507c598cfffd1ecedf3f6eaf2",
    "https://deno.land/std@0.92.0/_util/assert.ts": "2f868145a042a11d5ad0a3c748dcf580add8a0dbc0e876eaa0026303a5488f58",
    "https://deno.land/std@0.92.0/_util/has_own_property.ts": "f5edd94ed3f3c20c517d812045deb97977e18501c9b7105b5f5c11a31893d7a2",
    "https://deno.land/std@0.92.0/async/deferred.ts": "624bef4b755b71394620508a0c234a93cb8020cbd1b04bfcdad41c174392cef6",
    "https://deno.land/std@0.92.0/async/delay.ts": "9de1d8d07d1927767ab7f82434b883f3d8294fb19cad819691a2ad81a728cf3d",
    "https://deno.land/std@0.92.0/async/mod.ts": "253b41c658d768613eacfb11caa0a9ca7148442f932018a45576f7f27554c853",
    "https://deno.land/std@0.92.0/async/mux_async_iterator.ts": "b9091909db04cdb0af6f7807677372f64c1488de6c4bd86004511b064bf230d6",
    "https://deno.land/std@0.92.0/async/pool.ts": "876f9e6815366cd017a3b4fbb9e9ae40310b1b6972f1bd541c94358bc11fb7e5",
    "https://deno.land/std@0.92.0/bytes/mod.ts": "1ae1ccfe98c4b979f12b015982c7444f81fcb921bea7aa215bf37d84f46e1e13",
    "https://deno.land/std@0.92.0/fmt/colors.ts": "db22b314a2ae9430ae7460ce005e0a7130e23ae1c999157e3bb77cf55800f7e4",
    "https://deno.land/std@0.92.0/hash/sha1.ts": "1cca324b4b253885a47f121adafcfac55b4cc96113e22b338e1db26f37a730b8",
    "https://deno.land/std@0.92.0/http/_io.ts": "bf1331dd3be8aace9120614c1fedc2bb2449edc4779e31b74c0181ea9173f702",
    "https://deno.land/std@0.92.0/http/http_status.ts": "ebaa9bebfb8adc3d7b20c49e11037e4eefd79629ad80d81383933f4cdc91b3eb",
    "https://deno.land/std@0.92.0/http/server.ts": "d4e17c2aa5a5c65a2d19b9f24483be5f6c2a3e03665996fdf973e53c43091b48",
    "https://deno.land/std@0.92.0/io/buffer.ts": "2a92f02c1d8daaebaf13e5678ea5969c89f4fab533f687b9e7e86f49f11c3118",
    "https://deno.land/std@0.92.0/io/bufio.ts": "4053ea5d978479be68ae4d73424045a59c6b7a6e8f66727e4bfde516baa07126",
    "https://deno.land/std@0.92.0/io/ioutil.ts": "275fa440494df9b4b3aa656301ced2eeac533feec128b3a39b2b40f4cd957e42",
    "https://deno.land/std@0.92.0/io/util.ts": "03ca10e063afce551c501505c607ec336a40b9cb72363f5508e2a9ac81096bbf",
    "https://deno.land/std@0.92.0/node/_utils.ts": "33b06f2877d3ee80f17190ee81fdc436755ce74b9c2a9a4492c7cdfe2a03e4c6",
    "https://deno.land/std@0.92.0/node/events.ts": "0feda0707e2229363f5df8b799fed41bb91de6ca7106f27c7a9f0a02ea11b9d4",
    "https://deno.land/std@0.92.0/testing/_diff.ts": "961eaf6d9f5b0a8556c9d835bbc6fa74f5addd7d3b02728ba7936ff93364f7a3",
    "https://deno.land/std@0.92.0/testing/asserts.ts": "83889f9a37bdab16cb68b023a15f9172ceb644f62c0e727c72d4870a666e53d6",
    "https://deno.land/std@0.92.0/textproto/mod.ts": "1c89b39a079dd158893ab2e9ff79391c66049433d6ca82da7d64b32280570d51",
    "https://deno.land/std@0.92.0/ws/mod.ts": "bc521b3066441eb115ac94e3507bcc73098542f81d8d3ce7aad8d837316ce990",
    "https://deno.land/x/websocket@v0.1.4/deps.ts": "1299887e27e09209d2eedc5c3b6552090842fac9e08f00dd235de39219efbd42",
    "https://deno.land/x/websocket@v0.1.4/lib/errors.ts": "efb2251dac1ac2036809b0bfb520d737aee70e362eba1e287c84d5299fb211e8",
    "https://deno.land/x/websocket@v0.1.4/lib/websocket.ts": "3363e0a8f59284de5439f5f3bd8831b65a2cfba047113fbc72e32934ebec3208",
    "https://deno.land/x/websocket@v0.1.4/mod.ts": "6b24e14dd1c5d64c1671dd678ca545cce9e2ebc91f67e8be864069808b948267"
  }
}
